
Microsoft Visual Studio Solution File, Format Version 12.00
# Visual Studio Version 16
VisualStudioVersion = 16.0.30907.101
MinimumVisualStudioVersion = 10.0.40219.1
Project("{9A19103F-16F7-4668-BE54-9A1E7A4F7556}") = "TMS", "TMS\TMS.csproj", "{76055A51-9367-4916-A779-F07B3CD0D04F}"
EndProject
Project("{9A19103F-16F7-4668-BE54-9A1E7A4F7556}") = "TMS.DTO", "TMS.DTO\TMS.DTO.csproj", "{C6A8F095-D75C-491E-8D3D-56EE404E6B46}"
EndProject
Project("{9A19103F-16F7-4668-BE54-9A1E7A4F7556}") = "TMS.Services", "TMS.Services\TMS.Services.csproj", "{C3B7DF31-CB55-4FA8-9747-097A0F857CE2}"
EndProject
Project("{9A19103F-16F7-4668-BE54-9A1E7A4F7556}") = "TMS.Repositories", "TMS.Repositories\TMS.Repositories.csproj", "{42D555B4-DE7C-4058-86BA-01A36CBF3238}"
EndProject
Project("{9A19103F-16F7-4668-BE54-9A1E7A4F7556}") = "TMS.Services.Test", "TMS.Services.Test\TMS.Services.Test.csproj", "{439E5658-4828-4E1D-B43A-067CA91E9F7D}"
EndProject
Global
	GlobalSection(SolutionConfigurationPlatforms) = preSolution
		Debug|Any CPU = Debug|Any CPU
		Release|Any CPU = Release|Any CPU
	EndGlobalSection
	GlobalSection(ProjectConfigurationPlatforms) = postSolution
		{76055A51-9367-4916-A779-F07B3CD0D04F}.Debug|Any CPU.ActiveCfg = Debug|Any CPU
		{76055A51-9367-4916-A779-F07B3CD0D04F}.Debug|Any CPU.Build.0 = Debug|Any CPU
		{76055A51-9367-4916-A779-F07B3CD0D04F}.Release|Any CPU.ActiveCfg = Release|Any CPU
		{76055A51-9367-4916-A779-F07B3CD0D04F}.Release|Any CPU.Build.0 = Release|Any CPU
		{C6A8F095-D75C-491E-8D3D-56EE404E6B46}.Debug|Any CPU.ActiveCfg = Debug|Any CPU
		{C6A8F095-D75C-491E-8D3D-56EE404E6B46}.Debug|Any CPU.Build.0 = Debug|Any CPU
		{C6A8F095-D75C-491E-8D3D-56EE404E6B46}.Release|Any CPU.ActiveCfg = Release|Any CPU
		{C6A8F095-D75C-491E-8D3D-56EE404E6B46}.Release|Any CPU.Build.0 = Release|Any CPU
		{C3B7DF31-CB55-4FA8-9747-097A0F857CE2}.Debug|Any CPU.ActiveCfg = Debug|Any CPU
		{C3B7DF31-CB55-4FA8-9747-097A0F857CE2}.Debug|Any CPU.Build.0 = Debug|Any CPU
		{C3B7DF31-CB55-4FA8-9747-097A0F857CE2}.Release|Any CPU.ActiveCfg = Release|Any CPU
		{C3B7DF31-CB55-4FA8-9747-097A0F857CE2}.Release|Any CPU.Build.0 = Release|Any CPU
		{42D555B4-DE7C-4058-86BA-01A36CBF3238}.Debug|Any CPU.ActiveCfg = Debug|Any CPU
		{42D555B4-DE7C-4058-86BA-01A36CBF3238}.Debug|Any CPU.Build.0 = Debug|Any CPU
		{42D555B4-DE7C-4058-86BA-01A36CBF3238}.Release|Any CPU.ActiveCfg = Release|Any CPU
		{42D555B4-DE7C-4058-86BA-01A36CBF3238}.Release|Any CPU.Build.0 = Release|Any CPU
		{439E5658-4828-4E1D-B43A-067CA91E9F7D}.Debug|Any CPU.ActiveCfg = Debug|Any CPU
		{439E5658-4828-4E1D-B43A-067CA91E9F7D}.Debug|Any CPU.Build.0 = Debug|Any CPU
		{439E5658-4828-4E1D-B43A-067CA91E9F7D}.Release|Any CPU.ActiveCfg = Release|Any CPU
		{439E5658-4828-4E1D-B43A-067CA91E9F7D}.Release|Any CPU.Build.0 = Release|Any CPU
	EndGlobalSection
	GlobalSection(SolutionProperties) = preSolution
		HideSolutionNode = FALSE
	EndGlobalSection
	GlobalSection(ExtensibilityGlobals) = postSolution
		SolutionGuid = {3C20D0ED-A82E-4D8B-AF8E-6BB6A21686EB}
	EndGlobalSection
EndGlobal
